// !$*UTF8*$!
{
	archiveVersion = 1;
	classes = {
	};
	objectVersion = 48;
	objects = {

/* Begin PBXBuildFile section */
		819DD2B81FFE86D60076FB9E /* AppDelegate.swift in Sources */ = {isa = PBXBuildFile; fileRef = 819DD2B71FFE86D60076FB9E /* AppDelegate.swift */; };
		819DD2BA1FFE86D60076FB9E /* ExerciseOneViewController.swift in Sources */ = {isa = PBXBuildFile; fileRef = 819DD2B91FFE86D60076FB9E /* ExerciseOneViewController.swift */; };
		819DD2BF1FFE86D60076FB9E /* Assets.xcassets in Resources */ = {isa = PBXBuildFile; fileRef = 819DD2BE1FFE86D60076FB9E /* Assets.xcassets */; };
		819DD2C21FFE86D60076FB9E /* LaunchScreen.storyboard in Resources */ = {isa = PBXBuildFile; fileRef = 819DD2C01FFE86D60076FB9E /* LaunchScreen.storyboard */; };
		819DD2CD1FFE86D60076FB9E /* programaticTableViewsTests.swift in Sources */ = {isa = PBXBuildFile; fileRef = 819DD2CC1FFE86D60076FB9E /* programaticTableViewsTests.swift */; };
		819DD2D81FFE86D60076FB9E /* programaticTableViewsUITests.swift in Sources */ = {isa = PBXBuildFile; fileRef = 819DD2D71FFE86D60076FB9E /* programaticTableViewsUITests.swift */; };
		819DD2E61FFE8C130076FB9E /* CustomView.swift in Sources */ = {isa = PBXBuildFile; fileRef = 819DD2E51FFE8C130076FB9E /* CustomView.swift */; };
		81CC40831FFE9F3400C61E91 /* ExerciseOneView.swift in Sources */ = {isa = PBXBuildFile; fileRef = 81CC40821FFE9F3400C61E91 /* ExerciseOneView.swift */; };
/* End PBXBuildFile section */

/* Begin PBXContainerItemProxy section */
		819DD2C91FFE86D60076FB9E /* PBXContainerItemProxy */ = {
			isa = PBXContainerItemProxy;
			containerPortal = 819DD2AC1FFE86D50076FB9E /* Project object */;
			proxyType = 1;
			remoteGlobalIDString = 819DD2B31FFE86D60076FB9E;
			remoteInfo = programaticTableViews;
		};
		819DD2D41FFE86D60076FB9E /* PBXContainerItemProxy */ = {
			isa = PBXContainerItemProxy;
			containerPortal = 819DD2AC1FFE86D50076FB9E /* Project object */;
			proxyType = 1;
			remoteGlobalIDString = 819DD2B31FFE86D60076FB9E;
			remoteInfo = programaticTableViews;
		};
/* End PBXContainerItemProxy section */

/* Begin PBXFileReference section */
		819DD2B41FFE86D60076FB9E /* programmaticTableViews.app */ = {isa = PBXFileReference; explicitFileType = wrapper.application; includeInIndex = 0; path = programmaticTableViews.app; sourceTree = BUILT_PRODUCTS_DIR; };
		819DD2B71FFE86D60076FB9E /* AppDelegate.swift */ = {isa = PBXFileReference; lastKnownFileType = sourcecode.swift; path = AppDelegate.swift; sourceTree = "<group>"; };
		819DD2B91FFE86D60076FB9E /* ExerciseOneViewController.swift */ = {isa = PBXFileReference; lastKnownFileType = sourcecode.swift; path = ExerciseOneViewController.swift; sourceTree = "<group>"; };
		819DD2BE1FFE86D60076FB9E /* Assets.xcassets */ = {isa = PBXFileReference; lastKnownFileType = folder.assetcatalog; path = Assets.xcassets; sourceTree = "<group>"; };
		819DD2C11FFE86D60076FB9E /* Base */ = {isa = PBXFileReference; lastKnownFileType = file.storyboard; name = Base; path = Base.lproj/LaunchScreen.storyboard; sourceTree = "<group>"; };
		819DD2C31FFE86D60076FB9E /* Info.plist */ = {isa = PBXFileReference; lastKnownFileType = text.plist.xml; path = Info.plist; sourceTree = "<group>"; };
		819DD2C81FFE86D60076FB9E /* programmaticTableViewsTests.xctest */ = {isa = PBXFileReference; explicitFileType = wrapper.cfbundle; includeInIndex = 0; path = programmaticTableViewsTests.xctest; sourceTree = BUILT_PRODUCTS_DIR; };
		819DD2CC1FFE86D60076FB9E /* programaticTableViewsTests.swift */ = {isa = PBXFileReference; lastKnownFileType = sourcecode.swift; path = programaticTableViewsTests.swift; sourceTree = "<group>"; };
		819DD2CE1FFE86D60076FB9E /* Info.plist */ = {isa = PBXFileReference; lastKnownFileType = text.plist.xml; path = Info.plist; sourceTree = "<group>"; };
		819DD2D31FFE86D60076FB9E /* programmaticTableViewsUITests.xctest */ = {isa = PBXFileReference; explicitFileType = wrapper.cfbundle; includeInIndex = 0; path = programmaticTableViewsUITests.xctest; sourceTree = BUILT_PRODUCTS_DIR; };
		819DD2D71FFE86D60076FB9E /* programaticTableViewsUITests.swift */ = {isa = PBXFileReference; lastKnownFileType = sourcecode.swift; path = programaticTableViewsUITests.swift; sourceTree = "<group>"; };
		819DD2D91FFE86D60076FB9E /* Info.plist */ = {isa = PBXFileReference; lastKnownFileType = text.plist.xml; path = Info.plist; sourceTree = "<group>"; };
		819DD2E51FFE8C130076FB9E /* CustomView.swift */ = {isa = PBXFileReference; lastKnownFileType = sourcecode.swift; path = CustomView.swift; sourceTree = "<group>"; };
		81CC40821FFE9F3400C61E91 /* ExerciseOneView.swift */ = {isa = PBXFileReference; lastKnownFileType = sourcecode.swift; path = ExerciseOneView.swift; sourceTree = "<group>"; };
/* End PBXFileReference section */

/* Begin PBXFrameworksBuildPhase section */
		819DD2B11FFE86D60076FB9E /* Frameworks */ = {
			isa = PBXFrameworksBuildPhase;
			buildActionMask = 2147483647;
			files = (
			);
			runOnlyForDeploymentPostprocessing = 0;
		};
		819DD2C51FFE86D60076FB9E /* Frameworks */ = {
			isa = PBXFrameworksBuildPhase;
			buildActionMask = 2147483647;
			files = (
			);
			runOnlyForDeploymentPostprocessing = 0;
		};
		819DD2D01FFE86D60076FB9E /* Frameworks */ = {
			isa = PBXFrameworksBuildPhase;
			buildActionMask = 2147483647;
			files = (
			);
			runOnlyForDeploymentPostprocessing = 0;
		};
/* End PBXFrameworksBuildPhase section */

/* Begin PBXGroup section */
		819DD2AB1FFE86D50076FB9E = {
			isa = PBXGroup;
			children = (
				819DD2B61FFE86D60076FB9E /* programaticTableViews */,
				819DD2CB1FFE86D60076FB9E /* programaticTableViewsTests */,
				819DD2D61FFE86D60076FB9E /* programaticTableViewsUITests */,
				819DD2B51FFE86D60076FB9E /* Products */,
			);
			sourceTree = "<group>";
		};
		819DD2B51FFE86D60076FB9E /* Products */ = {
			isa = PBXGroup;
			children = (
				819DD2B41FFE86D60076FB9E /* programmaticTableViews.app */,
				819DD2C81FFE86D60076FB9E /* programmaticTableViewsTests.xctest */,
				819DD2D31FFE86D60076FB9E /* programmaticTableViewsUITests.xctest */,
			);
			name = Products;
			sourceTree = "<group>";
		};
		819DD2B61FFE86D60076FB9E /* programaticTableViews */ = {
			isa = PBXGroup;
			children = (
				819DD2B71FFE86D60076FB9E /* AppDelegate.swift */,
				819DD2E51FFE8C130076FB9E /* CustomView.swift */,
				819DD2B91FFE86D60076FB9E /* ExerciseOneViewController.swift */,
				81CC40821FFE9F3400C61E91 /* ExerciseOneView.swift */,
				819DD2BE1FFE86D60076FB9E /* Assets.xcassets */,
				819DD2C01FFE86D60076FB9E /* LaunchScreen.storyboard */,
				819DD2C31FFE86D60076FB9E /* Info.plist */,
			);
			path = programaticTableViews;
			sourceTree = "<group>";
		};
		819DD2CB1FFE86D60076FB9E /* programaticTableViewsTests */ = {
			isa = PBXGroup;
			children = (
				819DD2CC1FFE86D60076FB9E /* programaticTableViewsTests.swift */,
				819DD2CE1FFE86D60076FB9E /* Info.plist */,
			);
			path = programaticTableViewsTests;
			sourceTree = "<group>";
		};
		819DD2D61FFE86D60076FB9E /* programaticTableViewsUITests */ = {
			isa = PBXGroup;
			children = (
				819DD2D71FFE86D60076FB9E /* programaticTableViewsUITests.swift */,
				819DD2D91FFE86D60076FB9E /* Info.plist */,
			);
			path = programaticTableViewsUITests;
			sourceTree = "<group>";
		};
/* End PBXGroup section */

/* Begin PBXNativeTarget section */
		819DD2B31FFE86D60076FB9E /* programmaticTableViews */ = {
			isa = PBXNativeTarget;
			buildConfigurationList = 819DD2DC1FFE86D60076FB9E /* Build configuration list for PBXNativeTarget "programmaticTableViews" */;
			buildPhases = (
				819DD2B01FFE86D60076FB9E /* Sources */,
				819DD2B11FFE86D60076FB9E /* Frameworks */,
				819DD2B21FFE86D60076FB9E /* Resources */,
			);
			buildRules = (
			);
			dependencies = (
			);
			name = programmaticTableViews;
			productName = programaticTableViews;
			productReference = 819DD2B41FFE86D60076FB9E /* programmaticTableViews.app */;
			productType = "com.apple.product-type.application";
		};
		819DD2C71FFE86D60076FB9E /* programmaticTableViewsTests */ = {
			isa = PBXNativeTarget;
			buildConfigurationList = 819DD2DF1FFE86D60076FB9E /* Build configuration list for PBXNativeTarget "programmaticTableViewsTests" */;
			buildPhases = (
				819DD2C41FFE86D60076FB9E /* Sources */,
				819DD2C51FFE86D60076FB9E /* Frameworks */,
				819DD2C61FFE86D60076FB9E /* Resources */,
			);
			buildRules = (
			);
			dependencies = (
				819DD2CA1FFE86D60076FB9E /* PBXTargetDependency */,
			);
			name = programmaticTableViewsTests;
			productName = programaticTableViewsTests;
			productReference = 819DD2C81FFE86D60076FB9E /* programmaticTableViewsTests.xctest */;
			productType = "com.apple.product-type.bundle.unit-test";
		};
		819DD2D21FFE86D60076FB9E /* programmaticTableViewsUITests */ = {
			isa = PBXNativeTarget;
			buildConfigurationList = 819DD2E21FFE86D60076FB9E /* Build configuration list for PBXNativeTarget "programmaticTableViewsUITests" */;
			buildPhases = (
				819DD2CF1FFE86D60076FB9E /* Sources */,
				819DD2D01FFE86D60076FB9E /* Frameworks */,
				819DD2D11FFE86D60076FB9E /* Resources */,
			);
			buildRules = (
			);
			dependencies = (
				819DD2D51FFE86D60076FB9E /* PBXTargetDependency */,
			);
			name = programmaticTableViewsUITests;
			productName = programaticTableViewsUITests;
			productReference = 819DD2D31FFE86D60076FB9E /* programmaticTableViewsUITests.xctest */;
			productType = "com.apple.product-type.bundle.ui-testing";
		};
/* End PBXNativeTarget section */

/* Begin PBXProject section */
		819DD2AC1FFE86D50076FB9E /* Project object */ = {
			isa = PBXProject;
			attributes = {
				LastSwiftUpdateCheck = 0920;
				LastUpgradeCheck = 0920;
				ORGANIZATIONNAME = "Vikash Hart";
				TargetAttributes = {
					819DD2B31FFE86D60076FB9E = {
						CreatedOnToolsVersion = 9.2;
						ProvisioningStyle = Automatic;
					};
					819DD2C71FFE86D60076FB9E = {
						CreatedOnToolsVersion = 9.2;
						ProvisioningStyle = Automatic;
						TestTargetID = 819DD2B31FFE86D60076FB9E;
					};
					819DD2D21FFE86D60076FB9E = {
						CreatedOnToolsVersion = 9.2;
						ProvisioningStyle = Automatic;
						TestTargetID = 819DD2B31FFE86D60076FB9E;
					};
				};
			};
			buildConfigurationList = 819DD2AF1FFE86D50076FB9E /* Build configuration list for PBXProject "programmaticTableViews" */;
			compatibilityVersion = "Xcode 8.0";
			developmentRegion = en;
			hasScannedForEncodings = 0;
			knownRegions = (
				en,
				Base,
			);
			mainGroup = 819DD2AB1FFE86D50076FB9E;
			productRefGroup = 819DD2B51FFE86D60076FB9E /* Products */;
			projectDirPath = "";
			projectRoot = "";
			targets = (
				819DD2B31FFE86D60076FB9E /* programmaticTableViews */,
				819DD2C71FFE86D60076FB9E /* programmaticTableViewsTests */,
				819DD2D21FFE86D60076FB9E /* programmaticTableViewsUITests */,
			);
		};
/* End PBXProject section */

/* Begin PBXResourcesBuildPhase section */
		819DD2B21FFE86D60076FB9E /* Resources */ = {
			isa = PBXResourcesBuildPhase;
			buildActionMask = 2147483647;
			files = (
				819DD2C21FFE86D60076FB9E /* LaunchScreen.storyboard in Resources */,
				819DD2BF1FFE86D60076FB9E /* Assets.xcassets in Resources */,
			);
			runOnlyForDeploymentPostprocessing = 0;
		};
		819DD2C61FFE86D60076FB9E /* Resources */ = {
			isa = PBXResourcesBuildPhase;
			buildActionMask = 2147483647;
			files = (
			);
			runOnlyForDeploymentPostprocessing = 0;
		};
		819DD2D11FFE86D60076FB9E /* Resources */ = {
			isa = PBXResourcesBuildPhase;
			buildActionMask = 2147483647;
			files = (
			);
			runOnlyForDeploymentPostprocessing = 0;
		};
/* End PBXResourcesBuildPhase section */

/* Begin PBXSourcesBuildPhase section */
		819DD2B01FFE86D60076FB9E /* Sources */ = {
			isa = PBXSourcesBuildPhase;
			buildActionMask = 2147483647;
			files = (
				819DD2E61FFE8C130076FB9E /* CustomView.swift in Sources */,
				81CC40831FFE9F3400C61E91 /* ExerciseOneView.swift in Sources */,
				819DD2BA1FFE86D60076FB9E /* ExerciseOneViewController.swift in Sources */,
				819DD2B81FFE86D60076FB9E /* AppDelegate.swift in Sources */,
			);
			runOnlyForDeploymentPostprocessing = 0;
		};
		819DD2C41FFE86D60076FB9E /* Sources */ = {
			isa = PBXSourcesBuildPhase;
			buildActionMask = 2147483647;
			files = (
				819DD2CD1FFE86D60076FB9E /* programaticTableViewsTests.swift in Sources */,
			);
			runOnlyForDeploymentPostprocessing = 0;
		};
		819DD2CF1FFE86D60076FB9E /* Sources */ = {
			isa = PBXSourcesBuildPhase;
			buildActionMask = 2147483647;
			files = (
				819DD2D81FFE86D60076FB9E /* programaticTableViewsUITests.swift in Sources */,
			);
			runOnlyForDeploymentPostprocessing = 0;
		};
/* End PBXSourcesBuildPhase section */

/* Begin PBXTargetDependency section */
		819DD2CA1FFE86D60076FB9E /* PBXTargetDependency */ = {
			isa = PBXTargetDependency;
			target = 819DD2B31FFE86D60076FB9E /* programmaticTableViews */;
			targetProxy = 819DD2C91FFE86D60076FB9E /* PBXContainerItemProxy */;
		};
		819DD2D51FFE86D60076FB9E /* PBXTargetDependency */ = {
			isa = PBXTargetDependency;
			target = 819DD2B31FFE86D60076FB9E /* programmaticTableViews */;
			targetProxy = 819DD2D41FFE86D60076FB9E /* PBXContainerItemProxy */;
		};
/* End PBXTargetDependency section */

/* Begin PBXVariantGroup section */
		819DD2C01FFE86D60076FB9E /* LaunchScreen.storyboard */ = {
			isa = PBXVariantGroup;
			children = (
				819DD2C11FFE86D60076FB9E /* Base */,
			);
			name = LaunchScreen.storyboard;
			sourceTree = "<group>";
		};
/* End PBXVariantGroup section */

/* Begin XCBuildConfiguration section */
		819DD2DA1FFE86D60076FB9E /* Debug */ = {
			isa = XCBuildConfiguration;
			buildSettings = {
				ALWAYS_SEARCH_USER_PATHS = NO;
				CLANG_ANALYZER_NONNULL = YES;
				CLANG_ANALYZER_NUMBER_OBJECT_CONVERSION = YES_AGGRESSIVE;
				CLANG_CXX_LANGUAGE_STANDARD = "gnu++14";
				CLANG_CXX_LIBRARY = "libc++";
				CLANG_ENABLE_MODULES = YES;
				CLANG_ENABLE_OBJC_ARC = YES;
				CLANG_WARN_BLOCK_CAPTURE_AUTORELEASING = YES;
				CLANG_WARN_BOOL_CONVERSION = YES;
				CLANG_WARN_COMMA = YES;
				CLANG_WARN_CONSTANT_CONVERSION = YES;
				CLANG_WARN_DIRECT_OBJC_ISA_USAGE = YES_ERROR;
				CLANG_WARN_DOCUMENTATION_COMMENTS = YES;
				CLANG_WARN_EMPTY_BODY = YES;
				CLANG_WARN_ENUM_CONVERSION = YES;
				CLANG_WARN_INFINITE_RECURSION = YES;
				CLANG_WARN_INT_CONVERSION = YES;
				CLANG_WARN_NON_LITERAL_NULL_CONVERSION = YES;
				CLANG_WARN_OBJC_LITERAL_CONVERSION = YES;
				CLANG_WARN_OBJC_ROOT_CLASS = YES_ERROR;
				CLANG_WARN_RANGE_LOOP_ANALYSIS = YES;
				CLANG_WARN_STRICT_PROTOTYPES = YES;
				CLANG_WARN_SUSPICIOUS_MOVE = YES;
				CLANG_WARN_UNGUARDED_AVAILABILITY = YES_AGGRESSIVE;
				CLANG_WARN_UNREACHABLE_CODE = YES;
				CLANG_WARN__DUPLICATE_METHOD_MATCH = YES;
				CODE_SIGN_IDENTITY = "iPhone Developer";
				COPY_PHASE_STRIP = NO;
				DEBUG_INFORMATION_FORMAT = dwarf;
				ENABLE_STRICT_OBJC_MSGSEND = YES;
				ENABLE_TESTABILITY = YES;
				GCC_C_LANGUAGE_STANDARD = gnu11;
				GCC_DYNAMIC_NO_PIC = NO;
				GCC_NO_COMMON_BLOCKS = YES;
				GCC_OPTIMIZATION_LEVEL = 0;
				GCC_PREPROCESSOR_DEFINITIONS = (
					"DEBUG=1",
					"$(inherited)",
				);
				GCC_WARN_64_TO_32_BIT_CONVERSION = YES;
				GCC_WARN_ABOUT_RETURN_TYPE = YES_ERROR;
				GCC_WARN_UNDECLARED_SELECTOR = YES;
				GCC_WARN_UNINITIALIZED_AUTOS = YES_AGGRESSIVE;
				GCC_WARN_UNUSED_FUNCTION = YES;
				GCC_WARN_UNUSED_VARIABLE = YES;
				IPHONEOS_DEPLOYMENT_TARGET = 11.2;
				MTL_ENABLE_DEBUG_INFO = YES;
				ONLY_ACTIVE_ARCH = YES;
				SDKROOT = iphoneos;
				SWIFT_ACTIVE_COMPILATION_CONDITIONS = DEBUG;
				SWIFT_OPTIMIZATION_LEVEL = "-Onone";
			};
			name = Debug;
		};
		819DD2DB1FFE86D60076FB9E /* Release */ = {
			isa = XCBuildConfiguration;
			buildSettings = {
				ALWAYS_SEARCH_USER_PATHS = NO;
				CLANG_ANALYZER_NONNULL = YES;
				CLANG_ANALYZER_NUMBER_OBJECT_CONVERSION = YES_AGGRESSIVE;
				CLANG_CXX_LANGUAGE_STANDARD = "gnu++14";
				CLANG_CXX_LIBRARY = "libc++";
				CLANG_ENABLE_MODULES = YES;
				CLANG_ENABLE_OBJC_ARC = YES;
				CLANG_WARN_BLOCK_CAPTURE_AUTORELEASING = YES;
				CLANG_WARN_BOOL_CONVERSION = YES;
				CLANG_WARN_COMMA = YES;
				CLANG_WARN_CONSTANT_CONVERSION = YES;
				CLANG_WARN_DIRECT_OBJC_ISA_USAGE = YES_ERROR;
				CLANG_WARN_DOCUMENTATION_COMMENTS = YES;
				CLANG_WARN_EMPTY_BODY = YES;
				CLANG_WARN_ENUM_CONVERSION = YES;
				CLANG_WARN_INFINITE_RECURSION = YES;
				CLANG_WARN_INT_CONVERSION = YES;
				CLANG_WARN_NON_LITERAL_NULL_CONVERSION = YES;
				CLANG_WARN_OBJC_LITERAL_CONVERSION = YES;
				CLANG_WARN_OBJC_ROOT_CLASS = YES_ERROR;
				CLANG_WARN_RANGE_LOOP_ANALYSIS = YES;
				CLANG_WARN_STRICT_PROTOTYPES = YES;
				CLANG_WARN_SUSPICIOUS_MOVE = YES;
				CLANG_WARN_UNGUARDED_AVAILABILITY = YES_AGGRESSIVE;
				CLANG_WARN_UNREACHABLE_CODE = YES;
				CLANG_WARN__DUPLICATE_METHOD_MATCH = YES;
				CODE_SIGN_IDENTITY = "iPhone Developer";
				COPY_PHASE_STRIP = NO;
				DEBUG_INFORMATION_FORMAT = "dwarf-with-dsym";
				ENABLE_NS_ASSERTIONS = NO;
				ENABLE_STRICT_OBJC_MSGSEND = YES;
				GCC_C_LANGUAGE_STANDARD = gnu11;
				GCC_NO_COMMON_BLOCKS = YES;
				GCC_WARN_64_TO_32_BIT_CONVERSION = YES;
				GCC_WARN_ABOUT_RETURN_TYPE = YES_ERROR;
				GCC_WARN_UNDECLARED_SELECTOR = YES;
				GCC_WARN_UNINITIALIZED_AUTOS = YES_AGGRESSIVE;
				GCC_WARN_UNUSED_FUNCTION = YES;
				GCC_WARN_UNUSED_VARIABLE = YES;
				IPHONEOS_DEPLOYMENT_TARGET = 11.2;
				MTL_ENABLE_DEBUG_INFO = NO;
				SDKROOT = iphoneos;
				SWIFT_OPTIMIZATION_LEVEL = "-Owholemodule";
				VALIDATE_PRODUCT = YES;
			};
			name = Release;
		};
		819DD2DD1FFE86D60076FB9E /* Debug */ = {
			isa = XCBuildConfiguration;
			buildSettings = {
				ASSETCATALOG_COMPILER_APPICON_NAME = AppIcon;
				CODE_SIGN_STYLE = Automatic;
				INFOPLIST_FILE = programaticTableViews/Info.plist;
				LD_RUNPATH_SEARCH_PATHS = "$(inherited) @executable_path/Frameworks";
				PRODUCT_BUNDLE_IDENTIFIER = "Vikash-Hart.programaticTableViews";
				PRODUCT_NAME = "$(TARGET_NAME)";
				SWIFT_VERSION = 4.0;
				TARGETED_DEVICE_FAMILY = "1,2";
			};
			name = Debug;
		};
		819DD2DE1FFE86D60076FB9E /* Release */ = {
			isa = XCBuildConfiguration;
			buildSettings = {
				ASSETCATALOG_COMPILER_APPICON_NAME = AppIcon;
				CODE_SIGN_STYLE = Automatic;
				INFOPLIST_FILE = programaticTableViews/Info.plist;
				LD_RUNPATH_SEARCH_PATHS = "$(inherited) @executable_path/Frameworks";
				PRODUCT_BUNDLE_IDENTIFIER = "Vikash-Hart.programaticTableViews";
				PRODUCT_NAME = "$(TARGET_NAME)";
				SWIFT_VERSION = 4.0;
				TARGETED_DEVICE_FAMILY = "1,2";
			};
			name = Release;
		};
		819DD2E01FFE86D60076FB9E /* Debug */ = {
			isa = XCBuildConfiguration;
			buildSettings = {
				ALWAYS_EMBED_SWIFT_STANDARD_LIBRARIES = YES;
				BUNDLE_LOADER = "$(TEST_HOST)";
				CODE_SIGN_STYLE = Automatic;
				INFOPLIST_FILE = programaticTableViewsTests/Info.plist;
				LD_RUNPATH_SEARCH_PATHS = "$(inherited) @executable_path/Frameworks @loader_path/Frameworks";
				PRODUCT_BUNDLE_IDENTIFIER = "Vikash-Hart.programaticTableViewsTests";
				PRODUCT_NAME = "$(TARGET_NAME)";
				SWIFT_VERSION = 4.0;
				TARGETED_DEVICE_FAMILY = "1,2";
				TEST_HOST = "$(BUILT_PRODUCTS_DIR)/programmaticTableViews.app/programmaticTableViews";
			};
			name = Debug;
		};
		819DD2E11FFE86D60076FB9E /* Release */ = {
			isa = XCBuildConfiguration;
			buildSettings = {
				ALWAYS_EMBED_SWIFT_STANDARD_LIBRARIES = YES;
				BUNDLE_LOADER = "$(TEST_HOST)";
				CODE_SIGN_STYLE = Automatic;
				INFOPLIST_FILE = programaticTableViewsTests/Info.plist;
				LD_RUNPATH_SEARCH_PATHS = "$(inherited) @executable_path/Frameworks @loader_path/Frameworks";
				PRODUCT_BUNDLE_IDENTIFIER = "Vikash-Hart.programaticTableViewsTests";
				PRODUCT_NAME = "$(TARGET_NAME)";
				SWIFT_VERSION = 4.0;
				TARGETED_DEVICE_FAMILY = "1,2";
				TEST_HOST = "$(BUILT_PRODUCTS_DIR)/programmaticTableViews.app/programmaticTableViews";
			};
			name = Release;
		};
		819DD2E31FFE86D60076FB9E /* Debug */ = {
			isa = XCBuildConfiguration;
			buildSettings = {
				ALWAYS_EMBED_SWIFT_STANDARD_LIBRARIES = YES;
				CODE_SIGN_STYLE = Automatic;
				INFOPLIST_FILE = programaticTableViewsUITests/Info.plist;
				LD_RUNPATH_SEARCH_PATHS = "$(inherited) @executable_path/Frameworks @loader_path/Frameworks";
				PRODUCT_BUNDLE_IDENTIFIER = "Vikash-Hart.programaticTableViewsUITests";
				PRODUCT_NAME = "$(TARGET_NAME)";
				SWIFT_VERSION = 4.0;
				TARGETED_DEVICE_FAMILY = "1,2";
				TEST_TARGET_NAME = programaticTableViews;
			};
			name = Debug;
		};
		819DD2E41FFE86D60076FB9E /* Release */ = {
			isa = XCBuildConfiguration;
			buildSettings = {
				ALWAYS_EMBED_SWIFT_STANDARD_LIBRARIES = YES;
				CODE_SIGN_STYLE = Automatic;
				INFOPLIST_FILE = programaticTableViewsUITests/Info.plist;
				LD_RUNPATH_SEARCH_PATHS = "$(inherited) @executable_path/Frameworks @loader_path/Frameworks";
				PRODUCT_BUNDLE_IDENTIFIER = "Vikash-Hart.programaticTableViewsUITests";
				PRODUCT_NAME = "$(TARGET_NAME)";
				SWIFT_VERSION = 4.0;
				TARGETED_DEVICE_FAMILY = "1,2";
				TEST_TARGET_NAME = programaticTableViews;
			};
			name = Release;
		};
/* End XCBuildConfiguration section */

/* Begin XCConfigurationList section */
		819DD2AF1FFE86D50076FB9E /* Build configuration list for PBXProject "programmaticTableViews" */ = {
			isa = XCConfigurationList;
			buildConfigurations = (
				819DD2DA1FFE86D60076FB9E /* Debug */,
				819DD2DB1FFE86D60076FB9E /* Release */,
			);
			defaultConfigurationIsVisible = 0;
			defaultConfigurationName = Release;
		};
		819DD2DC1FFE86D60076FB9E /* Build configuration list for PBXNativeTarget "programmaticTableViews" */ = {
			isa = XCConfigurationList;
			buildConfigurations = (
				819DD2DD1FFE86D60076FB9E /* Debug */,
				819DD2DE1FFE86D60076FB9E /* Release */,
			);
			defaultConfigurationIsVisible = 0;
			defaultConfigurationName = Release;
		};
		819DD2DF1FFE86D60076FB9E /* Build configuration list for PBXNativeTarget "programmaticTableViewsTests" */ = {
			isa = XCConfigurationList;
			buildConfigurations = (
				819DD2E01FFE86D60076FB9E /* Debug */,
				819DD2E11FFE86D60076FB9E /* Release */,
			);
			defaultConfigurationIsVisible = 0;
			defaultConfigurationName = Release;
		};
		819DD2E21FFE86D60076FB9E /* Build configuration list for PBXNativeTarget "programmaticTableViewsUITests" */ = {
			isa = XCConfigurationList;
			buildConfigurations = (
				819DD2E31FFE86D60076FB9E /* Debug */,
				819DD2E41FFE86D60076FB9E /* Release */,
			);
			defaultConfigurationIsVisible = 0;
			defaultConfigurationName = Release;
		};
/* End XCConfigurationList section */
	};
	rootObject = 819DD2AC1FFE86D50076FB9E /* Project object */;
}
